
Microsoft Visual Studio Solution File, Format Version 12.00
# Visual Studio Version 16
VisualStudioVersion = 16.0.31911.196
MinimumVisualStudioVersion = 10.0.40219.1
Project("{9A19103F-16F7-4668-BE54-9A1E7A4F7556}") = "ClassLibrary", "ClassLibrary\ClassLibrary.csproj", "{93EABE81-10D5-4815-AAF3-C631A94E6182}"
EndProject
Project("{FAE04EC0-301F-11D3-BF4B-00C04F79EFBC}") = "TestAreaCalculation", "TestAreaCalculation\TestAreaCalculation.csproj", "{1D157724-BEAD-4E64-A847-7160FD8B6E30}"
EndProject
Global
	GlobalSection(SolutionConfigurationPlatforms) = preSolution
		Debug|Any CPU = Debug|Any CPU
		Release|Any CPU = Release|Any CPU
	EndGlobalSection
	GlobalSection(ProjectConfigurationPlatforms) = postSolution
		{93EABE81-10D5-4815-AAF3-C631A94E6182}.Debug|Any CPU.ActiveCfg = Debug|Any CPU
		{93EABE81-10D5-4815-AAF3-C631A94E6182}.Debug|Any CPU.Build.0 = Debug|Any CPU
		{93EABE81-10D5-4815-AAF3-C631A94E6182}.Release|Any CPU.ActiveCfg = Release|Any CPU
		{93EABE81-10D5-4815-AAF3-C631A94E6182}.Release|Any CPU.Build.0 = Release|Any CPU
		{1D157724-BEAD-4E64-A847-7160FD8B6E30}.Debug|Any CPU.ActiveCfg = Debug|Any CPU
		{1D157724-BEAD-4E64-A847-7160FD8B6E30}.Debug|Any CPU.Build.0 = Debug|Any CPU
		{1D157724-BEAD-4E64-A847-7160FD8B6E30}.Release|Any CPU.ActiveCfg = Release|Any CPU
		{1D157724-BEAD-4E64-A847-7160FD8B6E30}.Release|Any CPU.Build.0 = Release|Any CPU
	EndGlobalSection
	GlobalSection(SolutionProperties) = preSolution
		HideSolutionNode = FALSE
	EndGlobalSection
	GlobalSection(ExtensibilityGlobals) = postSolution
		SolutionGuid = {D83CC94D-2F95-4791-B3A8-7CCDCF8D2E59}
	EndGlobalSection
EndGlobal
